
Microsoft Visual Studio Solution File, Format Version 12.00
# Visual Studio Version 17
VisualStudioVersion = 17.9.34622.214
MinimumVisualStudioVersion = 10.0.40219.1
Project("{FAE04EC0-301F-11D3-BF4B-00C04F79EFBC}") = "SemanticKernelExploration", "SemanticKernelExploration\SemanticKernelExploration.csproj", "{3D6FE99D-BC9D-40CD-9D5E-B174C5A86A1D}"
EndProject
Global
	GlobalSection(SolutionConfigurationPlatforms) = preSolution
		Debug|Any CPU = Debug|Any CPU
		Release|Any CPU = Release|Any CPU
	EndGlobalSection
	GlobalSection(ProjectConfigurationPlatforms) = postSolution
		{3D6FE99D-BC9D-40CD-9D5E-B174C5A86A1D}.Debug|Any CPU.ActiveCfg = Debug|Any CPU
		{3D6FE99D-BC9D-40CD-9D5E-B174C5A86A1D}.Debug|Any CPU.Build.0 = Debug|Any CPU
		{3D6FE99D-BC9D-40CD-9D5E-B174C5A86A1D}.Release|Any CPU.ActiveCfg = Release|Any CPU
		{3D6FE99D-BC9D-40CD-9D5E-B174C5A86A1D}.Release|Any CPU.Build.0 = Release|Any CPU
	EndGlobalSection
	GlobalSection(SolutionProperties) = preSolution
		HideSolutionNode = FALSE
	EndGlobalSection
	GlobalSection(ExtensibilityGlobals) = postSolution
		SolutionGuid = {100957CA-B315-4B25-B933-72FA3A5C9221}
	EndGlobalSection
EndGlobal
